
Microsoft Visual Studio Solution File, Format Version 12.00
# Visual Studio 15
VisualStudioVersion = 15.0.27428.2002
MinimumVisualStudioVersion = 10.0.40219.1
Project("{FAE04EC0-301F-11D3-BF4B-00C04F79EFBC}") = "FamilyAppService", "FamilyAppService\FamilyAppService.csproj", "{63FCF390-F805-4D0F-9CBC-E3F20DC17DB3}"
EndProject
Project("{FAE04EC0-301F-11D3-BF4B-00C04F79EFBC}") = "FlopManager.Domain", "FlopManager.Domain\FlopManager.Domain.csproj", "{02BDDF57-1EEE-4651-A6F5-BFAF9FE851E7}"
EndProject
Project("{FAE04EC0-301F-11D3-BF4B-00C04F79EFBC}") = "FlopManager.Services", "FlopManager.Services\FlopManager.Services.csproj", "{185DBD7F-C555-4477-934B-D004401FCF9C}"
EndProject
Project("{FAE04EC0-301F-11D3-BF4B-00C04F79EFBC}") = "FlopManagerLoanModule", "FlopManagerLoanModule\FlopManagerLoanModule.csproj", "{37F411E2-0E74-423B-8773-80128DA07066}"
EndProject
Project("{FAE04EC0-301F-11D3-BF4B-00C04F79EFBC}") = "FlopManager.PaymentsModule", "FlopManager.PaymentsModule\FlopManager.PaymentsModule.csproj", "{B17442C2-F059-4DE5-A91A-E12659AF31B9}"
EndProject
Project("{FAE04EC0-301F-11D3-BF4B-00C04F79EFBC}") = "FlopManager.SettingsModule", "FlopManager.SettingsModule\FlopManager.SettingsModule.csproj", "{2DBDC505-35A4-4C16-9EEC-BADAB2A72244}"
EndProject
Project("{FAE04EC0-301F-11D3-BF4B-00C04F79EFBC}") = "FlopManager", "FlopManager\FlopManager.csproj", "{DB6DED88-6756-4EF4-A168-80CC38D0137B}"
EndProject
Project("{FAE04EC0-301F-11D3-BF4B-00C04F79EFBC}") = "FlopManager.Infrastructure", "FlopManager.Infrastructure\FlopManager.Infrastructure.csproj", "{99440485-E4BB-40E2-9DD6-3154FAE754F7}"
EndProject
Project("{FAE04EC0-301F-11D3-BF4B-00C04F79EFBC}") = "FlopManager.OfficePrintingService", "FlopManager.OfficePrintingService\FlopManager.OfficePrintingService.csproj", "{7A1D80B5-640D-4AA9-AF21-429493336A05}"
EndProject
Project("{930C7802-8A8C-48F9-8165-68863BCCD9DD}") = "Setup", "Setup\Setup.wixproj", "{3CA6C0B6-2F20-4F9F-8545-D24253915871}"
EndProject
Global
	GlobalSection(SolutionConfigurationPlatforms) = preSolution
		Debug|Any CPU = Debug|Any CPU
		Debug|Mixed Platforms = Debug|Mixed Platforms
		Debug|x86 = Debug|x86
		Release|Any CPU = Release|Any CPU
		Release|Mixed Platforms = Release|Mixed Platforms
		Release|x86 = Release|x86
	EndGlobalSection
	GlobalSection(ProjectConfigurationPlatforms) = postSolution
		{63FCF390-F805-4D0F-9CBC-E3F20DC17DB3}.Debug|Any CPU.ActiveCfg = Debug|Any CPU
		{63FCF390-F805-4D0F-9CBC-E3F20DC17DB3}.Debug|Any CPU.Build.0 = Debug|Any CPU
		{63FCF390-F805-4D0F-9CBC-E3F20DC17DB3}.Debug|Mixed Platforms.ActiveCfg = Debug|Any CPU
		{63FCF390-F805-4D0F-9CBC-E3F20DC17DB3}.Debug|Mixed Platforms.Build.0 = Debug|Any CPU
		{63FCF390-F805-4D0F-9CBC-E3F20DC17DB3}.Debug|x86.ActiveCfg = Debug|Any CPU
		{63FCF390-F805-4D0F-9CBC-E3F20DC17DB3}.Release|Any CPU.ActiveCfg = Release|Any CPU
		{63FCF390-F805-4D0F-9CBC-E3F20DC17DB3}.Release|Any CPU.Build.0 = Release|Any CPU
		{63FCF390-F805-4D0F-9CBC-E3F20DC17DB3}.Release|Mixed Platforms.ActiveCfg = Release|Any CPU
		{63FCF390-F805-4D0F-9CBC-E3F20DC17DB3}.Release|Mixed Platforms.Build.0 = Release|Any CPU
		{63FCF390-F805-4D0F-9CBC-E3F20DC17DB3}.Release|x86.ActiveCfg = Release|Any CPU
		{02BDDF57-1EEE-4651-A6F5-BFAF9FE851E7}.Debug|Any CPU.ActiveCfg = Debug|Any CPU
		{02BDDF57-1EEE-4651-A6F5-BFAF9FE851E7}.Debug|Any CPU.Build.0 = Debug|Any CPU
		{02BDDF57-1EEE-4651-A6F5-BFAF9FE851E7}.Debug|Mixed Platforms.ActiveCfg = Debug|Any CPU
		{02BDDF57-1EEE-4651-A6F5-BFAF9FE851E7}.Debug|Mixed Platforms.Build.0 = Debug|Any CPU
		{02BDDF57-1EEE-4651-A6F5-BFAF9FE851E7}.Debug|x86.ActiveCfg = Debug|Any CPU
		{02BDDF57-1EEE-4651-A6F5-BFAF9FE851E7}.Debug|x86.Build.0 = Debug|Any CPU
		{02BDDF57-1EEE-4651-A6F5-BFAF9FE851E7}.Release|Any CPU.ActiveCfg = Release|Any CPU
		{02BDDF57-1EEE-4651-A6F5-BFAF9FE851E7}.Release|Any CPU.Build.0 = Release|Any CPU
		{02BDDF57-1EEE-4651-A6F5-BFAF9FE851E7}.Release|Mixed Platforms.ActiveCfg = Release|Any CPU
		{02BDDF57-1EEE-4651-A6F5-BFAF9FE851E7}.Release|Mixed Platforms.Build.0 = Release|Any CPU
		{02BDDF57-1EEE-4651-A6F5-BFAF9FE851E7}.Release|x86.ActiveCfg = Release|Any CPU
		{02BDDF57-1EEE-4651-A6F5-BFAF9FE851E7}.Release|x86.Build.0 = Release|Any CPU
		{185DBD7F-C555-4477-934B-D004401FCF9C}.Debug|Any CPU.ActiveCfg = Debug|Any CPU
		{185DBD7F-C555-4477-934B-D004401FCF9C}.Debug|Any CPU.Build.0 = Debug|Any CPU
		{185DBD7F-C555-4477-934B-D004401FCF9C}.Debug|Mixed Platforms.ActiveCfg = Debug|Any CPU
		{185DBD7F-C555-4477-934B-D004401FCF9C}.Debug|Mixed Platforms.Build.0 = Debug|Any CPU
		{185DBD7F-C555-4477-934B-D004401FCF9C}.Debug|x86.ActiveCfg = Debug|Any CPU
		{185DBD7F-C555-4477-934B-D004401FCF9C}.Debug|x86.Build.0 = Debug|Any CPU
		{185DBD7F-C555-4477-934B-D004401FCF9C}.Release|Any CPU.ActiveCfg = Release|Any CPU
		{185DBD7F-C555-4477-934B-D004401FCF9C}.Release|Any CPU.Build.0 = Release|Any CPU
		{185DBD7F-C555-4477-934B-D004401FCF9C}.Release|Mixed Platforms.ActiveCfg = Release|Any CPU
		{185DBD7F-C555-4477-934B-D004401FCF9C}.Release|Mixed Platforms.Build.0 = Release|Any CPU
		{185DBD7F-C555-4477-934B-D004401FCF9C}.Release|x86.ActiveCfg = Release|Any CPU
		{185DBD7F-C555-4477-934B-D004401FCF9C}.Release|x86.Build.0 = Release|Any CPU
		{37F411E2-0E74-423B-8773-80128DA07066}.Debug|Any CPU.ActiveCfg = Debug|Any CPU
		{37F411E2-0E74-423B-8773-80128DA07066}.Debug|Any CPU.Build.0 = Debug|Any CPU
		{37F411E2-0E74-423B-8773-80128DA07066}.Debug|Mixed Platforms.ActiveCfg = Debug|Any CPU
		{37F411E2-0E74-423B-8773-80128DA07066}.Debug|Mixed Platforms.Build.0 = Debug|Any CPU
		{37F411E2-0E74-423B-8773-80128DA07066}.Debug|x86.ActiveCfg = Debug|Any CPU
		{37F411E2-0E74-423B-8773-80128DA07066}.Debug|x86.Build.0 = Debug|Any CPU
		{37F411E2-0E74-423B-8773-80128DA07066}.Release|Any CPU.ActiveCfg = Release|Any CPU
		{37F411E2-0E74-423B-8773-80128DA07066}.Release|Any CPU.Build.0 = Release|Any CPU
		{37F411E2-0E74-423B-8773-80128DA07066}.Release|Mixed Platforms.ActiveCfg = Release|Any CPU
		{37F411E2-0E74-423B-8773-80128DA07066}.Release|Mixed Platforms.Build.0 = Release|Any CPU
		{37F411E2-0E74-423B-8773-80128DA07066}.Release|x86.ActiveCfg = Release|Any CPU
		{37F411E2-0E74-423B-8773-80128DA07066}.Release|x86.Build.0 = Release|Any CPU
		{B17442C2-F059-4DE5-A91A-E12659AF31B9}.Debug|Any CPU.ActiveCfg = Debug|Any CPU
		{B17442C2-F059-4DE5-A91A-E12659AF31B9}.Debug|Any CPU.Build.0 = Debug|Any CPU
		{B17442C2-F059-4DE5-A91A-E12659AF31B9}.Debug|Mixed Platforms.ActiveCfg = Debug|Any CPU
		{B17442C2-F059-4DE5-A91A-E12659AF31B9}.Debug|Mixed Platforms.Build.0 = Debug|Any CPU
		{B17442C2-F059-4DE5-A91A-E12659AF31B9}.Debug|x86.ActiveCfg = Debug|Any CPU
		{B17442C2-F059-4DE5-A91A-E12659AF31B9}.Debug|x86.Build.0 = Debug|Any CPU
		{B17442C2-F059-4DE5-A91A-E12659AF31B9}.Release|Any CPU.ActiveCfg = Release|Any CPU
		{B17442C2-F059-4DE5-A91A-E12659AF31B9}.Release|Any CPU.Build.0 = Release|Any CPU
		{B17442C2-F059-4DE5-A91A-E12659AF31B9}.Release|Mixed Platforms.ActiveCfg = Release|Any CPU
		{B17442C2-F059-4DE5-A91A-E12659AF31B9}.Release|Mixed Platforms.Build.0 = Release|Any CPU
		{B17442C2-F059-4DE5-A91A-E12659AF31B9}.Release|x86.ActiveCfg = Release|Any CPU
		{B17442C2-F059-4DE5-A91A-E12659AF31B9}.Release|x86.Build.0 = Release|Any CPU
		{2DBDC505-35A4-4C16-9EEC-BADAB2A72244}.Debug|Any CPU.ActiveCfg = Debug|Any CPU
		{2DBDC505-35A4-4C16-9EEC-BADAB2A72244}.Debug|Any CPU.Build.0 = Debug|Any CPU
		{2DBDC505-35A4-4C16-9EEC-BADAB2A72244}.Debug|Mixed Platforms.ActiveCfg = Debug|Any CPU
		{2DBDC505-35A4-4C16-9EEC-BADAB2A72244}.Debug|Mixed Platforms.Build.0 = Debug|Any CPU
		{2DBDC505-35A4-4C16-9EEC-BADAB2A72244}.Debug|x86.ActiveCfg = Debug|Any CPU
		{2DBDC505-35A4-4C16-9EEC-BADAB2A72244}.Debug|x86.Build.0 = Debug|Any CPU
		{2DBDC505-35A4-4C16-9EEC-BADAB2A72244}.Release|Any CPU.ActiveCfg = Release|Any CPU
		{2DBDC505-35A4-4C16-9EEC-BADAB2A72244}.Release|Any CPU.Build.0 = Release|Any CPU
		{2DBDC505-35A4-4C16-9EEC-BADAB2A72244}.Release|Mixed Platforms.ActiveCfg = Release|Any CPU
		{2DBDC505-35A4-4C16-9EEC-BADAB2A72244}.Release|Mixed Platforms.Build.0 = Release|Any CPU
		{2DBDC505-35A4-4C16-9EEC-BADAB2A72244}.Release|x86.ActiveCfg = Release|Any CPU
		{2DBDC505-35A4-4C16-9EEC-BADAB2A72244}.Release|x86.Build.0 = Release|Any CPU
		{DB6DED88-6756-4EF4-A168-80CC38D0137B}.Debug|Any CPU.ActiveCfg = Debug|Any CPU
		{DB6DED88-6756-4EF4-A168-80CC38D0137B}.Debug|Any CPU.Build.0 = Debug|Any CPU
		{DB6DED88-6756-4EF4-A168-80CC38D0137B}.Debug|Mixed Platforms.ActiveCfg = Debug|Any CPU
		{DB6DED88-6756-4EF4-A168-80CC38D0137B}.Debug|Mixed Platforms.Build.0 = Debug|Any CPU
		{DB6DED88-6756-4EF4-A168-80CC38D0137B}.Debug|x86.ActiveCfg = Debug|Any CPU
		{DB6DED88-6756-4EF4-A168-80CC38D0137B}.Debug|x86.Build.0 = Debug|Any CPU
		{DB6DED88-6756-4EF4-A168-80CC38D0137B}.Release|Any CPU.ActiveCfg = Release|Any CPU
		{DB6DED88-6756-4EF4-A168-80CC38D0137B}.Release|Any CPU.Build.0 = Release|Any CPU
		{DB6DED88-6756-4EF4-A168-80CC38D0137B}.Release|Mixed Platforms.ActiveCfg = Release|Any CPU
		{DB6DED88-6756-4EF4-A168-80CC38D0137B}.Release|Mixed Platforms.Build.0 = Release|Any CPU
		{DB6DED88-6756-4EF4-A168-80CC38D0137B}.Release|x86.ActiveCfg = Release|Any CPU
		{DB6DED88-6756-4EF4-A168-80CC38D0137B}.Release|x86.Build.0 = Release|Any CPU
		{99440485-E4BB-40E2-9DD6-3154FAE754F7}.Debug|Any CPU.ActiveCfg = Debug|Any CPU
		{99440485-E4BB-40E2-9DD6-3154FAE754F7}.Debug|Any CPU.Build.0 = Debug|Any CPU
		{99440485-E4BB-40E2-9DD6-3154FAE754F7}.Debug|Mixed Platforms.ActiveCfg = Debug|Any CPU
		{99440485-E4BB-40E2-9DD6-3154FAE754F7}.Debug|Mixed Platforms.Build.0 = Debug|Any CPU
		{99440485-E4BB-40E2-9DD6-3154FAE754F7}.Debug|x86.ActiveCfg = Debug|Any CPU
		{99440485-E4BB-40E2-9DD6-3154FAE754F7}.Debug|x86.Build.0 = Debug|Any CPU
		{99440485-E4BB-40E2-9DD6-3154FAE754F7}.Release|Any CPU.ActiveCfg = Release|Any CPU
		{99440485-E4BB-40E2-9DD6-3154FAE754F7}.Release|Any CPU.Build.0 = Release|Any CPU
		{99440485-E4BB-40E2-9DD6-3154FAE754F7}.Release|Mixed Platforms.ActiveCfg = Release|Any CPU
		{99440485-E4BB-40E2-9DD6-3154FAE754F7}.Release|Mixed Platforms.Build.0 = Release|Any CPU
		{99440485-E4BB-40E2-9DD6-3154FAE754F7}.Release|x86.ActiveCfg = Release|Any CPU
		{99440485-E4BB-40E2-9DD6-3154FAE754F7}.Release|x86.Build.0 = Release|Any CPU
		{7A1D80B5-640D-4AA9-AF21-429493336A05}.Debug|Any CPU.ActiveCfg = Debug|Any CPU
		{7A1D80B5-640D-4AA9-AF21-429493336A05}.Debug|Any CPU.Build.0 = Debug|Any CPU
		{7A1D80B5-640D-4AA9-AF21-429493336A05}.Debug|Mixed Platforms.ActiveCfg = Debug|Any CPU
		{7A1D80B5-640D-4AA9-AF21-429493336A05}.Debug|Mixed Platforms.Build.0 = Debug|Any CPU
		{7A1D80B5-640D-4AA9-AF21-429493336A05}.Debug|x86.ActiveCfg = Debug|Any CPU
		{7A1D80B5-640D-4AA9-AF21-429493336A05}.Debug|x86.Build.0 = Debug|Any CPU
		{7A1D80B5-640D-4AA9-AF21-429493336A05}.Release|Any CPU.ActiveCfg = Release|Any CPU
		{7A1D80B5-640D-4AA9-AF21-429493336A05}.Release|Any CPU.Build.0 = Release|Any CPU
		{7A1D80B5-640D-4AA9-AF21-429493336A05}.Release|Mixed Platforms.ActiveCfg = Release|Any CPU
		{7A1D80B5-640D-4AA9-AF21-429493336A05}.Release|Mixed Platforms.Build.0 = Release|Any CPU
		{7A1D80B5-640D-4AA9-AF21-429493336A05}.Release|x86.ActiveCfg = Release|Any CPU
		{7A1D80B5-640D-4AA9-AF21-429493336A05}.Release|x86.Build.0 = Release|Any CPU
		{3CA6C0B6-2F20-4F9F-8545-D24253915871}.Debug|Any CPU.ActiveCfg = Debug|x86
		{3CA6C0B6-2F20-4F9F-8545-D24253915871}.Debug|Mixed Platforms.ActiveCfg = Debug|x86
		{3CA6C0B6-2F20-4F9F-8545-D24253915871}.Debug|x86.ActiveCfg = Debug|x86
		{3CA6C0B6-2F20-4F9F-8545-D24253915871}.Debug|x86.Build.0 = Debug|x86
		{3CA6C0B6-2F20-4F9F-8545-D24253915871}.Release|Any CPU.ActiveCfg = Release|x86
		{3CA6C0B6-2F20-4F9F-8545-D24253915871}.Release|Mixed Platforms.ActiveCfg = Release|x86
		{3CA6C0B6-2F20-4F9F-8545-D24253915871}.Release|Mixed Platforms.Build.0 = Release|x86
		{3CA6C0B6-2F20-4F9F-8545-D24253915871}.Release|x86.ActiveCfg = Release|x86
		{3CA6C0B6-2F20-4F9F-8545-D24253915871}.Release|x86.Build.0 = Release|x86
	EndGlobalSection
	GlobalSection(SolutionProperties) = preSolution
		HideSolutionNode = FALSE
	EndGlobalSection
	GlobalSection(ExtensibilityGlobals) = postSolution
		SolutionGuid = {371D6353-1DD5-48AB-9D5A-7C70A6E53BC0}
	EndGlobalSection
EndGlobal
